
Microsoft Visual Studio Solution File, Format Version 12.00
# Visual Studio Version 17
VisualStudioVersion = 17.6.33829.357
MinimumVisualStudioVersion = 10.0.40219.1
Project("{FAE04EC0-301F-11D3-BF4B-00C04F79EFBC}") = "caBestPath", "caBestPath.csproj", "{87967E1C-36F9-4B04-B86D-F017871E1049}"
EndProject
Global
	GlobalSection(SolutionConfigurationPlatforms) = preSolution
		Debug|Any CPU = Debug|Any CPU
		Release|Any CPU = Release|Any CPU
	EndGlobalSection
	GlobalSection(ProjectConfigurationPlatforms) = postSolution
		{87967E1C-36F9-4B04-B86D-F017871E1049}.Debug|Any CPU.ActiveCfg = Debug|Any CPU
		{87967E1C-36F9-4B04-B86D-F017871E1049}.Debug|Any CPU.Build.0 = Debug|Any CPU
		{87967E1C-36F9-4B04-B86D-F017871E1049}.Release|Any CPU.ActiveCfg = Release|Any CPU
		{87967E1C-36F9-4B04-B86D-F017871E1049}.Release|Any CPU.Build.0 = Release|Any CPU
	EndGlobalSection
	GlobalSection(SolutionProperties) = preSolution
		HideSolutionNode = FALSE
	EndGlobalSection
	GlobalSection(ExtensibilityGlobals) = postSolution
		SolutionGuid = {B6196AAA-D36B-4750-A337-24DC5FADE3EF}
	EndGlobalSection
EndGlobal
