
Microsoft Visual Studio Solution File, Format Version 12.00
# Visual Studio Version 17
VisualStudioVersion = 17.6.33829.357
MinimumVisualStudioVersion = 10.0.40219.1
Project("{FAE04EC0-301F-11D3-BF4B-00C04F79EFBC}") = "caDepthFirst", "caDepthFirst.csproj", "{1D16FE21-2A79-4DB1-814D-5D75E2B23FEF}"
EndProject
Global
	GlobalSection(SolutionConfigurationPlatforms) = preSolution
		Debug|Any CPU = Debug|Any CPU
		Release|Any CPU = Release|Any CPU
	EndGlobalSection
	GlobalSection(ProjectConfigurationPlatforms) = postSolution
		{1D16FE21-2A79-4DB1-814D-5D75E2B23FEF}.Debug|Any CPU.ActiveCfg = Debug|Any CPU
		{1D16FE21-2A79-4DB1-814D-5D75E2B23FEF}.Debug|Any CPU.Build.0 = Debug|Any CPU
		{1D16FE21-2A79-4DB1-814D-5D75E2B23FEF}.Release|Any CPU.ActiveCfg = Release|Any CPU
		{1D16FE21-2A79-4DB1-814D-5D75E2B23FEF}.Release|Any CPU.Build.0 = Release|Any CPU
	EndGlobalSection
	GlobalSection(SolutionProperties) = preSolution
		HideSolutionNode = FALSE
	EndGlobalSection
	GlobalSection(ExtensibilityGlobals) = postSolution
		SolutionGuid = {B061C4E6-B264-4A5F-BADB-E7D7E4342DF2}
	EndGlobalSection
EndGlobal
